{
  "lockfileVersion": 1,
  "workspaces": {
    "": {
      "name": "study_app",
      "devDependencies": {
        "fake-indexeddb": "^6.2.2",
      },
    },
  },
  "packages": {
    "fake-indexeddb": ["fake-indexeddb@6.2.2", "", {}, "sha512-SGbf7fzjeHz3+12NO1dYigcYn4ivviaeULV5yY5rdGihBvvgwMds4r4UBbNIUMwkze57KTDm32rq3j1Az8mzEw=="],
  }
}
